// !$*UTF8*$!
{
	archiveVersion = 1;
	classes = {
	};
	objectVersion = 56;
	objects = {

/* Begin PBXBuildFile section */
		2CA47D6D2A0923A4009531F5 /* AppDelegate.swift in Sources */ = {isa = PBXBuildFile; fileRef = 2CA47D6C2A0923A4009531F5 /* AppDelegate.swift */; };
		2CA47D762A0923A6009531F5 /* Assets.xcassets in Resources */ = {isa = PBXBuildFile; fileRef = 2CA47D752A0923A6009531F5 /* Assets.xcassets */; };
		2CA47D792A0923A6009531F5 /* LaunchScreen.storyboard in Resources */ = {isa = PBXBuildFile; fileRef = 2CA47D772A0923A6009531F5 /* LaunchScreen.storyboard */; };
		2CA47D8B2A0925FA009531F5 /* Style.swift in Sources */ = {isa = PBXBuildFile; fileRef = 2CA47D8A2A0925FA009531F5 /* Style.swift */; };
		2CA47D8D2A0927F1009531F5 /* EntryViewController.swift in Sources */ = {isa = PBXBuildFile; fileRef = 2CA47D8C2A0927F1009531F5 /* EntryViewController.swift */; };
		2CA47D8F2A092B75009531F5 /* UIView.swift in Sources */ = {isa = PBXBuildFile; fileRef = 2CA47D8E2A092B75009531F5 /* UIView.swift */; };
		2CA47D912A093875009531F5 /* FactorCollectionCell.swift in Sources */ = {isa = PBXBuildFile; fileRef = 2CA47D902A093875009531F5 /* FactorCollectionCell.swift */; };
		2CA47D952A0945A3009531F5 /* UITextField.swift in Sources */ = {isa = PBXBuildFile; fileRef = 2CA47D942A0945A3009531F5 /* UITextField.swift */; };
		2CA47D972A094828009531F5 /* EntryViewModel.swift in Sources */ = {isa = PBXBuildFile; fileRef = 2CA47D962A094828009531F5 /* EntryViewModel.swift */; };
		2CA47D992A09483F009531F5 /* EntryViewEvent.swift in Sources */ = {isa = PBXBuildFile; fileRef = 2CA47D982A09483F009531F5 /* EntryViewEvent.swift */; };
		2CA47D9E2A0948EB009531F5 /* CustomTextField.swift in Sources */ = {isa = PBXBuildFile; fileRef = 2CA47D9D2A0948EB009531F5 /* CustomTextField.swift */; };
		2CA47DA02A094E7B009531F5 /* VisualizationViewController.swift in Sources */ = {isa = PBXBuildFile; fileRef = 2CA47D9F2A094E7B009531F5 /* VisualizationViewController.swift */; };
		2CA47DA22A097981009531F5 /* VictimCollectionCell.swift in Sources */ = {isa = PBXBuildFile; fileRef = 2CA47DA12A097981009531F5 /* VictimCollectionCell.swift */; };
		2CA47DA42A097CFD009531F5 /* Collection.swift in Sources */ = {isa = PBXBuildFile; fileRef = 2CA47DA32A097CFD009531F5 /* Collection.swift */; };
		2CA47DA62A0A22C4009531F5 /* VisualizationViewModel.swift in Sources */ = {isa = PBXBuildFile; fileRef = 2CA47DA52A0A22C4009531F5 /* VisualizationViewModel.swift */; };
		2CA47DA82A0A22FA009531F5 /* EpidemicCalculator.swift in Sources */ = {isa = PBXBuildFile; fileRef = 2CA47DA72A0A22FA009531F5 /* EpidemicCalculator.swift */; };
		2CA47DAB2A0A2328009531F5 /* VisualizationEvent.swift in Sources */ = {isa = PBXBuildFile; fileRef = 2CA47DAA2A0A2328009531F5 /* VisualizationEvent.swift */; };
		2CA47DAD2A0A2780009531F5 /* VictimModel.swift in Sources */ = {isa = PBXBuildFile; fileRef = 2CA47DAC2A0A2780009531F5 /* VictimModel.swift */; };
		2CA47DB02A0A3FA7009531F5 /* Coordinator.swift in Sources */ = {isa = PBXBuildFile; fileRef = 2CA47DAF2A0A3FA7009531F5 /* Coordinator.swift */; };
		2CA47DB22A0A3FC4009531F5 /* BaseCoordinator.swift in Sources */ = {isa = PBXBuildFile; fileRef = 2CA47DB12A0A3FC4009531F5 /* BaseCoordinator.swift */; };
		2CE166F42A0AA9B600703274 /* UIViewController.swift in Sources */ = {isa = PBXBuildFile; fileRef = 2CE166F32A0AA9B600703274 /* UIViewController.swift */; };
		2CE166F92A0AF0FD00703274 /* NSLayoutConstraint.swift in Sources */ = {isa = PBXBuildFile; fileRef = 2CE166F82A0AF0FD00703274 /* NSLayoutConstraint.swift */; };
/* End PBXBuildFile section */

/* Begin PBXFileReference section */
		2CA47D692A0923A4009531F5 /* EpidemicSimulator.app */ = {isa = PBXFileReference; explicitFileType = wrapper.application; includeInIndex = 0; path = EpidemicSimulator.app; sourceTree = BUILT_PRODUCTS_DIR; };
		2CA47D6C2A0923A4009531F5 /* AppDelegate.swift */ = {isa = PBXFileReference; lastKnownFileType = sourcecode.swift; path = AppDelegate.swift; sourceTree = "<group>"; };
		2CA47D752A0923A6009531F5 /* Assets.xcassets */ = {isa = PBXFileReference; lastKnownFileType = folder.assetcatalog; path = Assets.xcassets; sourceTree = "<group>"; };
		2CA47D782A0923A6009531F5 /* Base */ = {isa = PBXFileReference; lastKnownFileType = file.storyboard; name = Base; path = Base.lproj/LaunchScreen.storyboard; sourceTree = "<group>"; };
		2CA47D7A2A0923A6009531F5 /* Info.plist */ = {isa = PBXFileReference; lastKnownFileType = text.plist.xml; path = Info.plist; sourceTree = "<group>"; };
		2CA47D8A2A0925FA009531F5 /* Style.swift */ = {isa = PBXFileReference; lastKnownFileType = sourcecode.swift; path = Style.swift; sourceTree = "<group>"; };
		2CA47D8C2A0927F1009531F5 /* EntryViewController.swift */ = {isa = PBXFileReference; lastKnownFileType = sourcecode.swift; path = EntryViewController.swift; sourceTree = "<group>"; };
		2CA47D8E2A092B75009531F5 /* UIView.swift */ = {isa = PBXFileReference; lastKnownFileType = sourcecode.swift; path = UIView.swift; sourceTree = "<group>"; };
		2CA47D902A093875009531F5 /* FactorCollectionCell.swift */ = {isa = PBXFileReference; lastKnownFileType = sourcecode.swift; path = FactorCollectionCell.swift; sourceTree = "<group>"; };
		2CA47D942A0945A3009531F5 /* UITextField.swift */ = {isa = PBXFileReference; lastKnownFileType = sourcecode.swift; path = UITextField.swift; sourceTree = "<group>"; };
		2CA47D962A094828009531F5 /* EntryViewModel.swift */ = {isa = PBXFileReference; lastKnownFileType = sourcecode.swift; path = EntryViewModel.swift; sourceTree = "<group>"; };
		2CA47D982A09483F009531F5 /* EntryViewEvent.swift */ = {isa = PBXFileReference; lastKnownFileType = sourcecode.swift; path = EntryViewEvent.swift; sourceTree = "<group>"; };
		2CA47D9D2A0948EB009531F5 /* CustomTextField.swift */ = {isa = PBXFileReference; lastKnownFileType = sourcecode.swift; path = CustomTextField.swift; sourceTree = "<group>"; };
		2CA47D9F2A094E7B009531F5 /* VisualizationViewController.swift */ = {isa = PBXFileReference; lastKnownFileType = sourcecode.swift; path = VisualizationViewController.swift; sourceTree = "<group>"; };
		2CA47DA12A097981009531F5 /* VictimCollectionCell.swift */ = {isa = PBXFileReference; lastKnownFileType = sourcecode.swift; path = VictimCollectionCell.swift; sourceTree = "<group>"; };
		2CA47DA32A097CFD009531F5 /* Collection.swift */ = {isa = PBXFileReference; lastKnownFileType = sourcecode.swift; path = Collection.swift; sourceTree = "<group>"; };
		2CA47DA52A0A22C4009531F5 /* VisualizationViewModel.swift */ = {isa = PBXFileReference; lastKnownFileType = sourcecode.swift; path = VisualizationViewModel.swift; sourceTree = "<group>"; };
		2CA47DA72A0A22FA009531F5 /* EpidemicCalculator.swift */ = {isa = PBXFileReference; lastKnownFileType = sourcecode.swift; path = EpidemicCalculator.swift; sourceTree = "<group>"; };
		2CA47DAA2A0A2328009531F5 /* VisualizationEvent.swift */ = {isa = PBXFileReference; lastKnownFileType = sourcecode.swift; path = VisualizationEvent.swift; sourceTree = "<group>"; };
		2CA47DAC2A0A2780009531F5 /* VictimModel.swift */ = {isa = PBXFileReference; lastKnownFileType = sourcecode.swift; path = VictimModel.swift; sourceTree = "<group>"; };
		2CA47DAF2A0A3FA7009531F5 /* Coordinator.swift */ = {isa = PBXFileReference; lastKnownFileType = sourcecode.swift; path = Coordinator.swift; sourceTree = "<group>"; };
		2CA47DB12A0A3FC4009531F5 /* BaseCoordinator.swift */ = {isa = PBXFileReference; lastKnownFileType = sourcecode.swift; path = BaseCoordinator.swift; sourceTree = "<group>"; };
		2CE166F32A0AA9B600703274 /* UIViewController.swift */ = {isa = PBXFileReference; lastKnownFileType = sourcecode.swift; path = UIViewController.swift; sourceTree = "<group>"; };
		2CE166F82A0AF0FD00703274 /* NSLayoutConstraint.swift */ = {isa = PBXFileReference; lastKnownFileType = sourcecode.swift; path = NSLayoutConstraint.swift; sourceTree = "<group>"; };
		2CE166FA2A0B04BA00703274 /* README.md */ = {isa = PBXFileReference; lastKnownFileType = net.daringfireball.markdown; path = README.md; sourceTree = "<group>"; };
/* End PBXFileReference section */

/* Begin PBXFrameworksBuildPhase section */
		2CA47D662A0923A4009531F5 /* Frameworks */ = {
			isa = PBXFrameworksBuildPhase;
			buildActionMask = 2147483647;
			files = (
			);
			runOnlyForDeploymentPostprocessing = 0;
		};
/* End PBXFrameworksBuildPhase section */

/* Begin PBXGroup section */
		2CA47D602A0923A4009531F5 = {
			isa = PBXGroup;
			children = (
				2CE166FB2A0B0A7D00703274 /* images */,
				2CE166FA2A0B04BA00703274 /* README.md */,
				2CA47D6B2A0923A4009531F5 /* EpidemicSimulator */,
				2CA47D6A2A0923A4009531F5 /* Products */,
			);
			sourceTree = "<group>";
		};
		2CA47D6A2A0923A4009531F5 /* Products */ = {
			isa = PBXGroup;
			children = (
				2CA47D692A0923A4009531F5 /* EpidemicSimulator.app */,
			);
			name = Products;
			sourceTree = "<group>";
		};
		2CA47D6B2A0923A4009531F5 /* EpidemicSimulator */ = {
			isa = PBXGroup;
			children = (
				2CA47DAE2A0A3F93009531F5 /* Coordinator */,
				2CA47D9B2A0948C4009531F5 /* CustomUI */,
				2CA47D802A09242D009531F5 /* Extensions */,
				2CA47D822A09243A009531F5 /* Services */,
				2CA47D832A092440009531F5 /* Support */,
				2CA47D812A092433009531F5 /* Modules */,
				2CA47D6C2A0923A4009531F5 /* AppDelegate.swift */,
				2CA47D752A0923A6009531F5 /* Assets.xcassets */,
				2CA47D772A0923A6009531F5 /* LaunchScreen.storyboard */,
				2CA47D7A2A0923A6009531F5 /* Info.plist */,
			);
			path = EpidemicSimulator;
			sourceTree = "<group>";
		};
		2CA47D802A09242D009531F5 /* Extensions */ = {
			isa = PBXGroup;
			children = (
				2CA47D8E2A092B75009531F5 /* UIView.swift */,
				2CE166F82A0AF0FD00703274 /* NSLayoutConstraint.swift */,
				2CA47DA32A097CFD009531F5 /* Collection.swift */,
				2CA47D942A0945A3009531F5 /* UITextField.swift */,
				2CE166F32A0AA9B600703274 /* UIViewController.swift */,
			);
			path = Extensions;
			sourceTree = "<group>";
		};
		2CA47D812A092433009531F5 /* Modules */ = {
			isa = PBXGroup;
			children = (
				2CA47D852A092465009531F5 /* Visualization Screen */,
				2CA47D842A092445009531F5 /* Entry Screen */,
			);
			path = Modules;
			sourceTree = "<group>";
		};
		2CA47D822A09243A009531F5 /* Services */ = {
			isa = PBXGroup;
			children = (
				2CA47DA72A0A22FA009531F5 /* EpidemicCalculator.swift */,
			);
			path = Services;
			sourceTree = "<group>";
		};
		2CA47D832A092440009531F5 /* Support */ = {
			isa = PBXGroup;
			children = (
				2CA47D8A2A0925FA009531F5 /* Style.swift */,
			);
			path = Support;
			sourceTree = "<group>";
		};
		2CA47D842A092445009531F5 /* Entry Screen */ = {
			isa = PBXGroup;
			children = (
				2CA47D9A2A094846009531F5 /* Model */,
				2CA47D892A0924A6009531F5 /* ViewModel */,
				2CA47D882A0924A0009531F5 /* View */,
			);
			path = "Entry Screen";
			sourceTree = "<group>";
		};
		2CA47D852A092465009531F5 /* Visualization Screen */ = {
			isa = PBXGroup;
			children = (
				2CA47DA92A0A2314009531F5 /* Model */,
				2CA47D872A09249C009531F5 /* ViewModel */,
				2CA47D862A092498009531F5 /* View */,
			);
			path = "Visualization Screen";
			sourceTree = "<group>";
		};
		2CA47D862A092498009531F5 /* View */ = {
			isa = PBXGroup;
			children = (
				2CA47D9F2A094E7B009531F5 /* VisualizationViewController.swift */,
				2CA47DA12A097981009531F5 /* VictimCollectionCell.swift */,
			);
			path = View;
			sourceTree = "<group>";
		};
		2CA47D872A09249C009531F5 /* ViewModel */ = {
			isa = PBXGroup;
			children = (
				2CA47DA52A0A22C4009531F5 /* VisualizationViewModel.swift */,
			);
			path = ViewModel;
			sourceTree = "<group>";
		};
		2CA47D882A0924A0009531F5 /* View */ = {
			isa = PBXGroup;
			children = (
				2CA47D8C2A0927F1009531F5 /* EntryViewController.swift */,
				2CA47D902A093875009531F5 /* FactorCollectionCell.swift */,
			);
			path = View;
			sourceTree = "<group>";
		};
		2CA47D892A0924A6009531F5 /* ViewModel */ = {
			isa = PBXGroup;
			children = (
				2CA47D962A094828009531F5 /* EntryViewModel.swift */,
			);
			path = ViewModel;
			sourceTree = "<group>";
		};
		2CA47D9A2A094846009531F5 /* Model */ = {
			isa = PBXGroup;
			children = (
				2CA47D982A09483F009531F5 /* EntryViewEvent.swift */,
			);
			path = Model;
			sourceTree = "<group>";
		};
		2CA47D9B2A0948C4009531F5 /* CustomUI */ = {
			isa = PBXGroup;
			children = (
				2CA47D9C2A0948CD009531F5 /* CustomTextField */,
			);
			path = CustomUI;
			sourceTree = "<group>";
		};
		2CA47D9C2A0948CD009531F5 /* CustomTextField */ = {
			isa = PBXGroup;
			children = (
				2CA47D9D2A0948EB009531F5 /* CustomTextField.swift */,
			);
			path = CustomTextField;
			sourceTree = "<group>";
		};
		2CA47DA92A0A2314009531F5 /* Model */ = {
			isa = PBXGroup;
			children = (
				2CA47DAA2A0A2328009531F5 /* VisualizationEvent.swift */,
				2CA47DAC2A0A2780009531F5 /* VictimModel.swift */,
			);
			path = Model;
			sourceTree = "<group>";
		};
		2CA47DAE2A0A3F93009531F5 /* Coordinator */ = {
			isa = PBXGroup;
			children = (
				2CA47DAF2A0A3FA7009531F5 /* Coordinator.swift */,
				2CA47DB12A0A3FC4009531F5 /* BaseCoordinator.swift */,
			);
			path = Coordinator;
			sourceTree = "<group>";
		};
		2CE166FB2A0B0A7D00703274 /* images */ = {
			isa = PBXGroup;
			children = (
			);
			path = images;
			sourceTree = "<group>";
		};
/* End PBXGroup section */

/* Begin PBXNativeTarget section */
		2CA47D682A0923A4009531F5 /* EpidemicSimulator */ = {
			isa = PBXNativeTarget;
			buildConfigurationList = 2CA47D7D2A0923A6009531F5 /* Build configuration list for PBXNativeTarget "EpidemicSimulator" */;
			buildPhases = (
				2CA47D652A0923A4009531F5 /* Sources */,
				2CA47D662A0923A4009531F5 /* Frameworks */,
				2CA47D672A0923A4009531F5 /* Resources */,
			);
			buildRules = (
			);
			dependencies = (
			);
			name = EpidemicSimulator;
			productName = EpidemicSimulator;
			productReference = 2CA47D692A0923A4009531F5 /* EpidemicSimulator.app */;
			productType = "com.apple.product-type.application";
		};
/* End PBXNativeTarget section */

/* Begin PBXProject section */
		2CA47D612A0923A4009531F5 /* Project object */ = {
			isa = PBXProject;
			attributes = {
				BuildIndependentTargetsInParallel = 1;
				LastSwiftUpdateCheck = 1420;
				LastUpgradeCheck = 1420;
				TargetAttributes = {
					2CA47D682A0923A4009531F5 = {
						CreatedOnToolsVersion = 14.2;
					};
				};
			};
			buildConfigurationList = 2CA47D642A0923A4009531F5 /* Build configuration list for PBXProject "EpidemicSimulator" */;
			compatibilityVersion = "Xcode 14.0";
			developmentRegion = en;
			hasScannedForEncodings = 0;
			knownRegions = (
				en,
				Base,
			);
			mainGroup = 2CA47D602A0923A4009531F5;
			productRefGroup = 2CA47D6A2A0923A4009531F5 /* Products */;
			projectDirPath = "";
			projectRoot = "";
			targets = (
				2CA47D682A0923A4009531F5 /* EpidemicSimulator */,
			);
		};
/* End PBXProject section */

/* Begin PBXResourcesBuildPhase section */
		2CA47D672A0923A4009531F5 /* Resources */ = {
			isa = PBXResourcesBuildPhase;
			buildActionMask = 2147483647;
			files = (
				2CA47D792A0923A6009531F5 /* LaunchScreen.storyboard in Resources */,
				2CA47D762A0923A6009531F5 /* Assets.xcassets in Resources */,
			);
			runOnlyForDeploymentPostprocessing = 0;
		};
/* End PBXResourcesBuildPhase section */

/* Begin PBXSourcesBuildPhase section */
		2CA47D652A0923A4009531F5 /* Sources */ = {
			isa = PBXSourcesBuildPhase;
			buildActionMask = 2147483647;
			files = (
				2CA47D8F2A092B75009531F5 /* UIView.swift in Sources */,
				2CA47DB22A0A3FC4009531F5 /* BaseCoordinator.swift in Sources */,
				2CA47D8B2A0925FA009531F5 /* Style.swift in Sources */,
				2CE166F42A0AA9B600703274 /* UIViewController.swift in Sources */,
				2CA47D6D2A0923A4009531F5 /* AppDelegate.swift in Sources */,
				2CA47DA82A0A22FA009531F5 /* EpidemicCalculator.swift in Sources */,
				2CA47D972A094828009531F5 /* EntryViewModel.swift in Sources */,
				2CA47D8D2A0927F1009531F5 /* EntryViewController.swift in Sources */,
				2CA47DA62A0A22C4009531F5 /* VisualizationViewModel.swift in Sources */,
				2CA47D912A093875009531F5 /* FactorCollectionCell.swift in Sources */,
				2CA47D992A09483F009531F5 /* EntryViewEvent.swift in Sources */,
				2CA47DAD2A0A2780009531F5 /* VictimModel.swift in Sources */,
				2CA47DB02A0A3FA7009531F5 /* Coordinator.swift in Sources */,
				2CA47DAB2A0A2328009531F5 /* VisualizationEvent.swift in Sources */,
				2CA47DA02A094E7B009531F5 /* VisualizationViewController.swift in Sources */,
				2CA47D952A0945A3009531F5 /* UITextField.swift in Sources */,
				2CE166F92A0AF0FD00703274 /* NSLayoutConstraint.swift in Sources */,
				2CA47DA42A097CFD009531F5 /* Collection.swift in Sources */,
				2CA47DA22A097981009531F5 /* VictimCollectionCell.swift in Sources */,
				2CA47D9E2A0948EB009531F5 /* CustomTextField.swift in Sources */,
			);
			runOnlyForDeploymentPostprocessing = 0;
		};
/* End PBXSourcesBuildPhase section */

/* Begin PBXVariantGroup section */
		2CA47D772A0923A6009531F5 /* LaunchScreen.storyboard */ = {
			isa = PBXVariantGroup;
			children = (
				2CA47D782A0923A6009531F5 /* Base */,
			);
			name = LaunchScreen.storyboard;
			sourceTree = "<group>";
		};
/* End PBXVariantGroup section */

/* Begin XCBuildConfiguration section */
		2CA47D7B2A0923A6009531F5 /* Debug */ = {
			isa = XCBuildConfiguration;
			buildSettings = {
				ALWAYS_SEARCH_USER_PATHS = NO;
				CLANG_ANALYZER_NONNULL = YES;
				CLANG_ANALYZER_NUMBER_OBJECT_CONVERSION = YES_AGGRESSIVE;
				CLANG_CXX_LANGUAGE_STANDARD = "gnu++20";
				CLANG_ENABLE_MODULES = YES;
				CLANG_ENABLE_OBJC_ARC = YES;
				CLANG_ENABLE_OBJC_WEAK = YES;
				CLANG_WARN_BLOCK_CAPTURE_AUTORELEASING = YES;
				CLANG_WARN_BOOL_CONVERSION = YES;
				CLANG_WARN_COMMA = YES;
				CLANG_WARN_CONSTANT_CONVERSION = YES;
				CLANG_WARN_DEPRECATED_OBJC_IMPLEMENTATIONS = YES;
				CLANG_WARN_DIRECT_OBJC_ISA_USAGE = YES_ERROR;
				CLANG_WARN_DOCUMENTATION_COMMENTS = YES;
				CLANG_WARN_EMPTY_BODY = YES;
				CLANG_WARN_ENUM_CONVERSION = YES;
				CLANG_WARN_INFINITE_RECURSION = YES;
				CLANG_WARN_INT_CONVERSION = YES;
				CLANG_WARN_NON_LITERAL_NULL_CONVERSION = YES;
				CLANG_WARN_OBJC_IMPLICIT_RETAIN_SELF = YES;
				CLANG_WARN_OBJC_LITERAL_CONVERSION = YES;
				CLANG_WARN_OBJC_ROOT_CLASS = YES_ERROR;
				CLANG_WARN_QUOTED_INCLUDE_IN_FRAMEWORK_HEADER = YES;
				CLANG_WARN_RANGE_LOOP_ANALYSIS = YES;
				CLANG_WARN_STRICT_PROTOTYPES = YES;
				CLANG_WARN_SUSPICIOUS_MOVE = YES;
				CLANG_WARN_UNGUARDED_AVAILABILITY = YES_AGGRESSIVE;
				CLANG_WARN_UNREACHABLE_CODE = YES;
				CLANG_WARN__DUPLICATE_METHOD_MATCH = YES;
				COPY_PHASE_STRIP = NO;
				DEBUG_INFORMATION_FORMAT = dwarf;
				ENABLE_STRICT_OBJC_MSGSEND = YES;
				ENABLE_TESTABILITY = YES;
				GCC_C_LANGUAGE_STANDARD = gnu11;
				GCC_DYNAMIC_NO_PIC = NO;
				GCC_NO_COMMON_BLOCKS = YES;
				GCC_OPTIMIZATION_LEVEL = 0;
				GCC_PREPROCESSOR_DEFINITIONS = (
					"DEBUG=1",
					"$(inherited)",
				);
				GCC_WARN_64_TO_32_BIT_CONVERSION = YES;
				GCC_WARN_ABOUT_RETURN_TYPE = YES_ERROR;
				GCC_WARN_UNDECLARED_SELECTOR = YES;
				GCC_WARN_UNINITIALIZED_AUTOS = YES_AGGRESSIVE;
				GCC_WARN_UNUSED_FUNCTION = YES;
				GCC_WARN_UNUSED_VARIABLE = YES;
				IPHONEOS_DEPLOYMENT_TARGET = 16.2;
				MTL_ENABLE_DEBUG_INFO = INCLUDE_SOURCE;
				MTL_FAST_MATH = YES;
				ONLY_ACTIVE_ARCH = YES;
				SDKROOT = iphoneos;
				SWIFT_ACTIVE_COMPILATION_CONDITIONS = DEBUG;
				SWIFT_OPTIMIZATION_LEVEL = "-Onone";
			};
			name = Debug;
		};
		2CA47D7C2A0923A6009531F5 /* Release */ = {
			isa = XCBuildConfiguration;
			buildSettings = {
				ALWAYS_SEARCH_USER_PATHS = NO;
				CLANG_ANALYZER_NONNULL = YES;
				CLANG_ANALYZER_NUMBER_OBJECT_CONVERSION = YES_AGGRESSIVE;
				CLANG_CXX_LANGUAGE_STANDARD = "gnu++20";
				CLANG_ENABLE_MODULES = YES;
				CLANG_ENABLE_OBJC_ARC = YES;
				CLANG_ENABLE_OBJC_WEAK = YES;
				CLANG_WARN_BLOCK_CAPTURE_AUTORELEASING = YES;
				CLANG_WARN_BOOL_CONVERSION = YES;
				CLANG_WARN_COMMA = YES;
				CLANG_WARN_CONSTANT_CONVERSION = YES;
				CLANG_WARN_DEPRECATED_OBJC_IMPLEMENTATIONS = YES;
				CLANG_WARN_DIRECT_OBJC_ISA_USAGE = YES_ERROR;
				CLANG_WARN_DOCUMENTATION_COMMENTS = YES;
				CLANG_WARN_EMPTY_BODY = YES;
				CLANG_WARN_ENUM_CONVERSION = YES;
				CLANG_WARN_INFINITE_RECURSION = YES;
				CLANG_WARN_INT_CONVERSION = YES;
				CLANG_WARN_NON_LITERAL_NULL_CONVERSION = YES;
				CLANG_WARN_OBJC_IMPLICIT_RETAIN_SELF = YES;
				CLANG_WARN_OBJC_LITERAL_CONVERSION = YES;
				CLANG_WARN_OBJC_ROOT_CLASS = YES_ERROR;
				CLANG_WARN_QUOTED_INCLUDE_IN_FRAMEWORK_HEADER = YES;
				CLANG_WARN_RANGE_LOOP_ANALYSIS = YES;
				CLANG_WARN_STRICT_PROTOTYPES = YES;
				CLANG_WARN_SUSPICIOUS_MOVE = YES;
				CLANG_WARN_UNGUARDED_AVAILABILITY = YES_AGGRESSIVE;
				CLANG_WARN_UNREACHABLE_CODE = YES;
				CLANG_WARN__DUPLICATE_METHOD_MATCH = YES;
				COPY_PHASE_STRIP = NO;
				DEBUG_INFORMATION_FORMAT = "dwarf-with-dsym";
				ENABLE_NS_ASSERTIONS = NO;
				ENABLE_STRICT_OBJC_MSGSEND = YES;
				GCC_C_LANGUAGE_STANDARD = gnu11;
				GCC_NO_COMMON_BLOCKS = YES;
				GCC_WARN_64_TO_32_BIT_CONVERSION = YES;
				GCC_WARN_ABOUT_RETURN_TYPE = YES_ERROR;
				GCC_WARN_UNDECLARED_SELECTOR = YES;
				GCC_WARN_UNINITIALIZED_AUTOS = YES_AGGRESSIVE;
				GCC_WARN_UNUSED_FUNCTION = YES;
				GCC_WARN_UNUSED_VARIABLE = YES;
				IPHONEOS_DEPLOYMENT_TARGET = 16.2;
				MTL_ENABLE_DEBUG_INFO = NO;
				MTL_FAST_MATH = YES;
				SDKROOT = iphoneos;
				SWIFT_COMPILATION_MODE = wholemodule;
				SWIFT_OPTIMIZATION_LEVEL = "-O";
				VALIDATE_PRODUCT = YES;
			};
			name = Release;
		};
		2CA47D7E2A0923A6009531F5 /* Debug */ = {
			isa = XCBuildConfiguration;
			buildSettings = {
				ASSETCATALOG_COMPILER_APPICON_NAME = AppIcon;
				ASSETCATALOG_COMPILER_GLOBAL_ACCENT_COLOR_NAME = AccentColor;
				CODE_SIGN_STYLE = Automatic;
				CURRENT_PROJECT_VERSION = 1;
				DEVELOPMENT_TEAM = 35953V9L7K;
				GENERATE_INFOPLIST_FILE = YES;
				INFOPLIST_FILE = EpidemicSimulator/Info.plist;
				INFOPLIST_KEY_CFBundleDisplayName = simulation;
				INFOPLIST_KEY_UIApplicationSupportsIndirectInputEvents = YES;
				INFOPLIST_KEY_UILaunchStoryboardName = LaunchScreen;
				INFOPLIST_KEY_UISupportedInterfaceOrientations = UIInterfaceOrientationPortrait;
				INFOPLIST_KEY_UISupportedInterfaceOrientations_iPad = "UIInterfaceOrientationLandscapeLeft UIInterfaceOrientationLandscapeRight UIInterfaceOrientationPortrait UIInterfaceOrientationPortraitUpsideDown";
				INFOPLIST_KEY_UIUserInterfaceStyle = Light;
				LD_RUNPATH_SEARCH_PATHS = (
					"$(inherited)",
					"@executable_path/Frameworks",
				);
				MARKETING_VERSION = 1.0;
				PRODUCT_BUNDLE_IDENTIFIER = com.ulGord.EpidemicSimulator;
				PRODUCT_NAME = "$(TARGET_NAME)";
				SUPPORTED_PLATFORMS = "iphoneos iphonesimulator";
				SUPPORTS_MACCATALYST = NO;
				SUPPORTS_MAC_DESIGNED_FOR_IPHONE_IPAD = NO;
				SWIFT_EMIT_LOC_STRINGS = YES;
				SWIFT_VERSION = 5.0;
				TARGETED_DEVICE_FAMILY = 1;
			};
			name = Debug;
		};
		2CA47D7F2A0923A6009531F5 /* Release */ = {
			isa = XCBuildConfiguration;
			buildSettings = {
				ASSETCATALOG_COMPILER_APPICON_NAME = AppIcon;
				ASSETCATALOG_COMPILER_GLOBAL_ACCENT_COLOR_NAME = AccentColor;
				CODE_SIGN_STYLE = Automatic;
				CURRENT_PROJECT_VERSION = 1;
				DEVELOPMENT_TEAM = 35953V9L7K;
				GENERATE_INFOPLIST_FILE = YES;
				INFOPLIST_FILE = EpidemicSimulator/Info.plist;
				INFOPLIST_KEY_CFBundleDisplayName = simulation;
				INFOPLIST_KEY_UIApplicationSupportsIndirectInputEvents = YES;
				INFOPLIST_KEY_UILaunchStoryboardName = LaunchScreen;
				INFOPLIST_KEY_UISupportedInterfaceOrientations = UIInterfaceOrientationPortrait;
				INFOPLIST_KEY_UISupportedInterfaceOrientations_iPad = "UIInterfaceOrientationLandscapeLeft UIInterfaceOrientationLandscapeRight UIInterfaceOrientationPortrait UIInterfaceOrientationPortraitUpsideDown";
				INFOPLIST_KEY_UIUserInterfaceStyle = Light;
				LD_RUNPATH_SEARCH_PATHS = (
					"$(inherited)",
					"@executable_path/Frameworks",
				);
				MARKETING_VERSION = 1.0;
				PRODUCT_BUNDLE_IDENTIFIER = com.ulGord.EpidemicSimulator;
				PRODUCT_NAME = "$(TARGET_NAME)";
				SUPPORTED_PLATFORMS = "iphoneos iphonesimulator";
				SUPPORTS_MACCATALYST = NO;
				SUPPORTS_MAC_DESIGNED_FOR_IPHONE_IPAD = NO;
				SWIFT_EMIT_LOC_STRINGS = YES;
				SWIFT_VERSION = 5.0;
				TARGETED_DEVICE_FAMILY = 1;
			};
			name = Release;
		};
/* End XCBuildConfiguration section */

/* Begin XCConfigurationList section */
		2CA47D642A0923A4009531F5 /* Build configuration list for PBXProject "EpidemicSimulator" */ = {
			isa = XCConfigurationList;
			buildConfigurations = (
				2CA47D7B2A0923A6009531F5 /* Debug */,
				2CA47D7C2A0923A6009531F5 /* Release */,
			);
			defaultConfigurationIsVisible = 0;
			defaultConfigurationName = Release;
		};
		2CA47D7D2A0923A6009531F5 /* Build configuration list for PBXNativeTarget "EpidemicSimulator" */ = {
			isa = XCConfigurationList;
			buildConfigurations = (
				2CA47D7E2A0923A6009531F5 /* Debug */,
				2CA47D7F2A0923A6009531F5 /* Release */,
			);
			defaultConfigurationIsVisible = 0;
			defaultConfigurationName = Release;
		};
/* End XCConfigurationList section */
	};
	rootObject = 2CA47D612A0923A4009531F5 /* Project object */;
}
